
Microsoft Visual Studio Solution File, Format Version 12.00
Project("{FAE04EC0-301F-11D3-BF4B-00C04F79EFBC}") = "CSharp.SourceGen.Csx", "CSharp.SourceGen.Csx\CSharp.SourceGen.Csx.csproj", "{0A8FBEB7-7959-4F1A-A887-2B9F1B275633}"
EndProject
Project("{FAE04EC0-301F-11D3-BF4B-00C04F79EFBC}") = "CSharp.SourceGen.Csx.Tests", "CSharp.SourceGen.Csx.Tests\CSharp.SourceGen.Csx.Tests.csproj", "{D28237B0-41E7-41F3-AB57-9ED329861D1F}"
EndProject
Global
	GlobalSection(SolutionConfigurationPlatforms) = preSolution
		Debug|Any CPU = Debug|Any CPU
		Release|Any CPU = Release|Any CPU
	EndGlobalSection
	GlobalSection(ProjectConfigurationPlatforms) = postSolution
		{0A8FBEB7-7959-4F1A-A887-2B9F1B275633}.Debug|Any CPU.ActiveCfg = Debug|Any CPU
		{0A8FBEB7-7959-4F1A-A887-2B9F1B275633}.Debug|Any CPU.Build.0 = Debug|Any CPU
		{0A8FBEB7-7959-4F1A-A887-2B9F1B275633}.Release|Any CPU.ActiveCfg = Release|Any CPU
		{0A8FBEB7-7959-4F1A-A887-2B9F1B275633}.Release|Any CPU.Build.0 = Release|Any CPU
		{D28237B0-41E7-41F3-AB57-9ED329861D1F}.Debug|Any CPU.ActiveCfg = Debug|Any CPU
		{D28237B0-41E7-41F3-AB57-9ED329861D1F}.Debug|Any CPU.Build.0 = Debug|Any CPU
		{D28237B0-41E7-41F3-AB57-9ED329861D1F}.Release|Any CPU.ActiveCfg = Release|Any CPU
		{D28237B0-41E7-41F3-AB57-9ED329861D1F}.Release|Any CPU.Build.0 = Release|Any CPU
	EndGlobalSection
EndGlobal
